
Microsoft Visual Studio Solution File, Format Version 12.00
# Visual Studio 15
VisualStudioVersion = 15.0.28010.2003
MinimumVisualStudioVersion = 10.0.40219.1
Project("{FAE04EC0-301F-11D3-BF4B-00C04F79EFBC}") = "updateted1", "updateted1\updateted1.csproj", "{5DC96D15-921D-4272-92E9-75407EFB9306}"
EndProject
Global
	GlobalSection(SolutionConfigurationPlatforms) = preSolution
		Debug|Any CPU = Debug|Any CPU
		Release|Any CPU = Release|Any CPU
	EndGlobalSection
	GlobalSection(ProjectConfigurationPlatforms) = postSolution
		{5DC96D15-921D-4272-92E9-75407EFB9306}.Debug|Any CPU.ActiveCfg = Debug|Any CPU
		{5DC96D15-921D-4272-92E9-75407EFB9306}.Debug|Any CPU.Build.0 = Debug|Any CPU
		{5DC96D15-921D-4272-92E9-75407EFB9306}.Release|Any CPU.ActiveCfg = Release|Any CPU
		{5DC96D15-921D-4272-92E9-75407EFB9306}.Release|Any CPU.Build.0 = Release|Any CPU
	EndGlobalSection
	GlobalSection(SolutionProperties) = preSolution
		HideSolutionNode = FALSE
	EndGlobalSection
	GlobalSection(ExtensibilityGlobals) = postSolution
		SolutionGuid = {005C4FDE-D932-481B-B7CF-F796F8E00163}
	EndGlobalSection
EndGlobal
